
Microsoft Visual Studio Solution File, Format Version 12.00
# Visual Studio Version 16
VisualStudioVersion = 16.0.30523.141
MinimumVisualStudioVersion = 10.0.40219.1
Project("{FAE04EC0-301F-11D3-BF4B-00C04F79EFBC}") = "HolaMundo", "HolaMundo\HolaMundo.csproj", "{68018A78-81A4-4D92-962B-4310DC3459EF}"
EndProject
Global
	GlobalSection(SolutionConfigurationPlatforms) = preSolution
		Debug|Any CPU = Debug|Any CPU
		Release|Any CPU = Release|Any CPU
	EndGlobalSection
	GlobalSection(ProjectConfigurationPlatforms) = postSolution
		{68018A78-81A4-4D92-962B-4310DC3459EF}.Debug|Any CPU.ActiveCfg = Debug|Any CPU
		{68018A78-81A4-4D92-962B-4310DC3459EF}.Debug|Any CPU.Build.0 = Debug|Any CPU
		{68018A78-81A4-4D92-962B-4310DC3459EF}.Release|Any CPU.ActiveCfg = Release|Any CPU
		{68018A78-81A4-4D92-962B-4310DC3459EF}.Release|Any CPU.Build.0 = Release|Any CPU
	EndGlobalSection
	GlobalSection(SolutionProperties) = preSolution
		HideSolutionNode = FALSE
	EndGlobalSection
	GlobalSection(ExtensibilityGlobals) = postSolution
		SolutionGuid = {F5F6E1DB-DBC1-4B3E-AECB-D40F5F88A9E4}
	EndGlobalSection
EndGlobal
