
Microsoft Visual Studio Solution File, Format Version 12.00
# Visual Studio Version 16
VisualStudioVersion = 16.0.30523.141
MinimumVisualStudioVersion = 10.0.40219.1
Project("{FAE04EC0-301F-11D3-BF4B-00C04F79EFBC}") = "Metodos", "Metodos\Metodos.csproj", "{B54E0375-4DF7-493A-94A2-C6C318542C71}"
EndProject
Global
	GlobalSection(SolutionConfigurationPlatforms) = preSolution
		Debug|Any CPU = Debug|Any CPU
		Release|Any CPU = Release|Any CPU
	EndGlobalSection
	GlobalSection(ProjectConfigurationPlatforms) = postSolution
		{B54E0375-4DF7-493A-94A2-C6C318542C71}.Debug|Any CPU.ActiveCfg = Debug|Any CPU
		{B54E0375-4DF7-493A-94A2-C6C318542C71}.Debug|Any CPU.Build.0 = Debug|Any CPU
		{B54E0375-4DF7-493A-94A2-C6C318542C71}.Release|Any CPU.ActiveCfg = Release|Any CPU
		{B54E0375-4DF7-493A-94A2-C6C318542C71}.Release|Any CPU.Build.0 = Release|Any CPU
	EndGlobalSection
	GlobalSection(SolutionProperties) = preSolution
		HideSolutionNode = FALSE
	EndGlobalSection
	GlobalSection(ExtensibilityGlobals) = postSolution
		SolutionGuid = {29BEBBF5-6D3D-4E0A-8BA0-F8465DCAA924}
	EndGlobalSection
EndGlobal
