
Microsoft Visual Studio Solution File, Format Version 12.00
# Visual Studio Version 16
VisualStudioVersion = 16.0.30523.141
MinimumVisualStudioVersion = 10.0.40219.1
Project("{FAE04EC0-301F-11D3-BF4B-00C04F79EFBC}") = "arrayscomoparametros", "arrayscomoparametros\arrayscomoparametros.csproj", "{31B8003D-A958-47C3-9811-A79E08ECB694}"
EndProject
Global
	GlobalSection(SolutionConfigurationPlatforms) = preSolution
		Debug|Any CPU = Debug|Any CPU
		Release|Any CPU = Release|Any CPU
	EndGlobalSection
	GlobalSection(ProjectConfigurationPlatforms) = postSolution
		{31B8003D-A958-47C3-9811-A79E08ECB694}.Debug|Any CPU.ActiveCfg = Debug|Any CPU
		{31B8003D-A958-47C3-9811-A79E08ECB694}.Debug|Any CPU.Build.0 = Debug|Any CPU
		{31B8003D-A958-47C3-9811-A79E08ECB694}.Release|Any CPU.ActiveCfg = Release|Any CPU
		{31B8003D-A958-47C3-9811-A79E08ECB694}.Release|Any CPU.Build.0 = Release|Any CPU
	EndGlobalSection
	GlobalSection(SolutionProperties) = preSolution
		HideSolutionNode = FALSE
	EndGlobalSection
	GlobalSection(ExtensibilityGlobals) = postSolution
		SolutionGuid = {3D436700-BBE5-4409-B440-D4BADA1123A8}
	EndGlobalSection
EndGlobal
