
Microsoft Visual Studio Solution File, Format Version 12.00
# Visual Studio Version 16
VisualStudioVersion = 16.0.30523.141
MinimumVisualStudioVersion = 10.0.40219.1
Project("{FAE04EC0-301F-11D3-BF4B-00C04F79EFBC}") = "Conditionals", "Conditionals\Conditionals.csproj", "{CF3288E1-51AF-4780-962F-ED1FF77A2C6B}"
EndProject
Global
	GlobalSection(SolutionConfigurationPlatforms) = preSolution
		Debug|Any CPU = Debug|Any CPU
		Release|Any CPU = Release|Any CPU
	EndGlobalSection
	GlobalSection(ProjectConfigurationPlatforms) = postSolution
		{CF3288E1-51AF-4780-962F-ED1FF77A2C6B}.Debug|Any CPU.ActiveCfg = Debug|Any CPU
		{CF3288E1-51AF-4780-962F-ED1FF77A2C6B}.Debug|Any CPU.Build.0 = Debug|Any CPU
		{CF3288E1-51AF-4780-962F-ED1FF77A2C6B}.Release|Any CPU.ActiveCfg = Release|Any CPU
		{CF3288E1-51AF-4780-962F-ED1FF77A2C6B}.Release|Any CPU.Build.0 = Release|Any CPU
	EndGlobalSection
	GlobalSection(SolutionProperties) = preSolution
		HideSolutionNode = FALSE
	EndGlobalSection
	GlobalSection(ExtensibilityGlobals) = postSolution
		SolutionGuid = {4F337E5F-A64B-4290-926A-7D86CE36DE5C}
	EndGlobalSection
EndGlobal
