
Microsoft Visual Studio Solution File, Format Version 12.00
# Visual Studio Version 16
VisualStudioVersion = 16.0.30523.141
MinimumVisualStudioVersion = 10.0.40219.1
Project("{FAE04EC0-301F-11D3-BF4B-00C04F79EFBC}") = "ArraylistsAndLists", "ArraylistsAndLists\ArraylistsAndLists.csproj", "{66BE0A76-EBFB-4D68-8D94-EA4F680CACE3}"
EndProject
Global
	GlobalSection(SolutionConfigurationPlatforms) = preSolution
		Debug|Any CPU = Debug|Any CPU
		Release|Any CPU = Release|Any CPU
	EndGlobalSection
	GlobalSection(ProjectConfigurationPlatforms) = postSolution
		{66BE0A76-EBFB-4D68-8D94-EA4F680CACE3}.Debug|Any CPU.ActiveCfg = Debug|Any CPU
		{66BE0A76-EBFB-4D68-8D94-EA4F680CACE3}.Debug|Any CPU.Build.0 = Debug|Any CPU
		{66BE0A76-EBFB-4D68-8D94-EA4F680CACE3}.Release|Any CPU.ActiveCfg = Release|Any CPU
		{66BE0A76-EBFB-4D68-8D94-EA4F680CACE3}.Release|Any CPU.Build.0 = Release|Any CPU
	EndGlobalSection
	GlobalSection(SolutionProperties) = preSolution
		HideSolutionNode = FALSE
	EndGlobalSection
	GlobalSection(ExtensibilityGlobals) = postSolution
		SolutionGuid = {59FEB29E-32A8-4B2F-8718-3670CA25EE75}
	EndGlobalSection
EndGlobal
