
Microsoft Visual Studio Solution File, Format Version 12.00
# Visual Studio Version 16
VisualStudioVersion = 16.0.30523.141
MinimumVisualStudioVersion = 10.0.40219.1
Project("{FAE04EC0-301F-11D3-BF4B-00C04F79EFBC}") = "2_Variables", "2_Variables\2_Variables.csproj", "{76AE9E30-A5E6-46B9-8490-6335681B84F9}"
EndProject
Global
	GlobalSection(SolutionConfigurationPlatforms) = preSolution
		Debug|Any CPU = Debug|Any CPU
		Release|Any CPU = Release|Any CPU
	EndGlobalSection
	GlobalSection(ProjectConfigurationPlatforms) = postSolution
		{76AE9E30-A5E6-46B9-8490-6335681B84F9}.Debug|Any CPU.ActiveCfg = Debug|Any CPU
		{76AE9E30-A5E6-46B9-8490-6335681B84F9}.Debug|Any CPU.Build.0 = Debug|Any CPU
		{76AE9E30-A5E6-46B9-8490-6335681B84F9}.Release|Any CPU.ActiveCfg = Release|Any CPU
		{76AE9E30-A5E6-46B9-8490-6335681B84F9}.Release|Any CPU.Build.0 = Release|Any CPU
	EndGlobalSection
	GlobalSection(SolutionProperties) = preSolution
		HideSolutionNode = FALSE
	EndGlobalSection
	GlobalSection(ExtensibilityGlobals) = postSolution
		SolutionGuid = {C600645A-9D9A-4155-8B04-2BBFA839B752}
	EndGlobalSection
EndGlobal
